// !$*UTF8*$!
{
	archiveVersion = 1;
	classes = {
	};
	objectVersion = 56;
	objects = {

/* Begin PBXBuildFile section */
		5F7E4E9D2C4A268200A634F9 /* sum-recursive.cpp in Sources */ = {isa = PBXBuildFile; fileRef = 5F7E4E9B2C4A259E00A634F9 /* sum-recursive.cpp */; };
/* End PBXBuildFile section */

/* Begin PBXCopyFilesBuildPhase section */
		5FEBAC7A2C0D821200F361A8 /* CopyFiles */ = {
			isa = PBXCopyFilesBuildPhase;
			buildActionMask = 2147483647;
			dstPath = /usr/share/man/man1/;
			dstSubfolderSpec = 0;
			files = (
			);
			runOnlyForDeploymentPostprocessing = 1;
		};
/* End PBXCopyFilesBuildPhase section */

/* Begin PBXFileReference section */
		5F32F4872C366402007D7010 /* SubArrays.cpp */ = {isa = PBXFileReference; lastKnownFileType = sourcecode.cpp.cpp; path = SubArrays.cpp; sourceTree = "<group>"; };
		5F32F48A2C3681CA007D7010 /* SubArraySum.cpp */ = {isa = PBXFileReference; lastKnownFileType = sourcecode.cpp.cpp; path = SubArraySum.cpp; sourceTree = "<group>"; };
		5F32F48D2C390C1A007D7010 /* CharacterArrays.cpp */ = {isa = PBXFileReference; lastKnownFileType = sourcecode.cpp.cpp; path = CharacterArrays.cpp; sourceTree = "<group>"; };
		5F32F48F2C391A8D007D7010 /* CharacterArray-getline.cpp */ = {isa = PBXFileReference; lastKnownFileType = sourcecode.cpp.cpp; path = "CharacterArray-getline.cpp"; sourceTree = "<group>"; };
		5F32F4932C398C2E007D7010 /* StaticRangeSumQueries.cpp */ = {isa = PBXFileReference; lastKnownFileType = sourcecode.cpp.cpp; path = StaticRangeSumQueries.cpp; sourceTree = "<group>"; };
		5F6B6BB42C456D4E0094DDE4 /* spreadSheet.cpp */ = {isa = PBXFileReference; lastKnownFileType = sourcecode.cpp.cpp; path = spreadSheet.cpp; sourceTree = "<group>"; };
		5F6B6BB92C459AA40094DDE4 /* Squares-of-sorted-array.cpp */ = {isa = PBXFileReference; lastKnownFileType = sourcecode.cpp.cpp; path = "Squares-of-sorted-array.cpp"; sourceTree = "<group>"; };
		5F6B6BBC2C4619140094DDE4 /* README.md */ = {isa = PBXFileReference; lastKnownFileType = net.daringfireball.markdown; path = README.md; sourceTree = "<group>"; };
		5F7E4E8D2C4663D100A634F9 /* Subarray-Sums-Divisible-by-K.cpp */ = {isa = PBXFileReference; lastKnownFileType = sourcecode.cpp.cpp; path = "Subarray-Sums-Divisible-by-K.cpp"; sourceTree = "<group>"; };
		5F7E4E902C478B3200A634F9 /* pointers.cpp */ = {isa = PBXFileReference; lastKnownFileType = sourcecode.cpp.cpp; path = pointers.cpp; sourceTree = "<group>"; };
		5F7E4E922C479EE900A634F9 /* Search-a-2D-Matric.cpp */ = {isa = PBXFileReference; lastKnownFileType = sourcecode.cpp.cpp; path = "Search-a-2D-Matric.cpp"; sourceTree = "<group>"; };
		5F7E4E942C47C3C700A634F9 /* Absoule-Sum-Of-Diagonals.cpp */ = {isa = PBXFileReference; lastKnownFileType = sourcecode.cpp.cpp; path = "Absoule-Sum-Of-Diagonals.cpp"; sourceTree = "<group>"; };
		5F7E4E972C48E7A800A634F9 /* plusMinus.cpp */ = {isa = PBXFileReference; lastKnownFileType = sourcecode.cpp.cpp; path = plusMinus.cpp; sourceTree = "<group>"; };
		5F7E4E992C48F25300A634F9 /* Ancient-Berland-Circus.cpp */ = {isa = PBXFileReference; lastKnownFileType = sourcecode.cpp.cpp; path = "Ancient-Berland-Circus.cpp"; sourceTree = "<group>"; };
		5F7E4E9B2C4A259E00A634F9 /* sum-recursive.cpp */ = {isa = PBXFileReference; lastKnownFileType = sourcecode.cpp.cpp; path = "sum-recursive.cpp"; sourceTree = "<group>"; };
		5FC521082C3A846800356594 /* Most-Common-Character-SubString.cpp */ = {isa = PBXFileReference; lastKnownFileType = sourcecode.cpp.cpp; path = "Most-Common-Character-SubString.cpp"; sourceTree = "<group>"; };
		5FC5210A2C3BF6E600356594 /* reverse-a-string.cpp */ = {isa = PBXFileReference; lastKnownFileType = sourcecode.cpp.cpp; path = "reverse-a-string.cpp"; sourceTree = "<group>"; };
		5FC5210C2C3C004000356594 /* library-functions.cpp */ = {isa = PBXFileReference; lastKnownFileType = sourcecode.cpp.cpp; path = "library-functions.cpp"; sourceTree = "<group>"; };
		5FC521282C3C629600356594 /* README.md */ = {isa = PBXFileReference; lastKnownFileType = net.daringfireball.markdown; path = README.md; sourceTree = "<group>"; };
		5FC5212A2C3E2FC700356594 /* enums.c */ = {isa = PBXFileReference; lastKnownFileType = sourcecode.c.c; path = enums.c; sourceTree = "<group>"; };
		5FC5212C2C3EA61400356594 /* printAllPrefix-n-Suffix.cpp */ = {isa = PBXFileReference; lastKnownFileType = sourcecode.cpp.cpp; path = "printAllPrefix-n-Suffix.cpp"; sourceTree = "<group>"; };
		5FC521482C3EC3C800356594 /* minutes-to-years-days.c */ = {isa = PBXFileReference; lastKnownFileType = sourcecode.c.c; path = "minutes-to-years-days.c"; sourceTree = "<group>"; };
		5FC5214A2C3F93C500356594 /* Static-range-sum-queries-2.cpp */ = {isa = PBXFileReference; lastKnownFileType = sourcecode.cpp.cpp; path = "Static-range-sum-queries-2.cpp"; sourceTree = "<group>"; };
		5FC5214D2C412F5C00356594 /* write-systemCall.c */ = {isa = PBXFileReference; lastKnownFileType = sourcecode.c.c; path = "write-systemCall.c"; sourceTree = "<group>"; };
		5FC5214F2C413A1B00356594 /* bitwise-operators.c */ = {isa = PBXFileReference; lastKnownFileType = sourcecode.c.c; path = "bitwise-operators.c"; sourceTree = "<group>"; };
		5FC521532C4161C400356594 /* TwoDim-Array.cpp */ = {isa = PBXFileReference; lastKnownFileType = sourcecode.cpp.cpp; path = "TwoDim-Array.cpp"; sourceTree = "<group>"; };
		5FC521572C42515D00356594 /* prefix-suffix-sum.cpp */ = {isa = PBXFileReference; lastKnownFileType = sourcecode.cpp.cpp; path = "prefix-suffix-sum.cpp"; sourceTree = "<group>"; };
		5FC521592C425E3100356594 /* scrap.cpp */ = {isa = PBXFileReference; lastKnownFileType = sourcecode.cpp.cpp; path = scrap.cpp; sourceTree = "<group>"; };
		5FC5215B2C42B29F00356594 /* arrays-n-pointers.c */ = {isa = PBXFileReference; lastKnownFileType = sourcecode.c.c; path = "arrays-n-pointers.c"; sourceTree = "<group>"; };
		5FC5215D2C42E45200356594 /* TheatreSquare.cpp */ = {isa = PBXFileReference; lastKnownFileType = sourcecode.cpp.cpp; path = TheatreSquare.cpp; sourceTree = "<group>"; };
		5FC5215F2C43913F00356594 /* README.md */ = {isa = PBXFileReference; lastKnownFileType = net.daringfireball.markdown; path = README.md; sourceTree = "<group>"; };
		5FC521622C43DCA100356594 /* ArrayManipulation.cpp */ = {isa = PBXFileReference; lastKnownFileType = sourcecode.cpp.cpp; path = ArrayManipulation.cpp; sourceTree = "<group>"; };
		5FC521642C43F01000356594 /* SpreadSheets.cpp */ = {isa = PBXFileReference; lastKnownFileType = sourcecode.cpp.cpp; path = SpreadSheets.cpp; sourceTree = "<group>"; };
		5FC521682C44882800356594 /* scrap.cpp */ = {isa = PBXFileReference; lastKnownFileType = sourcecode.cpp.cpp; path = scrap.cpp; sourceTree = "<group>"; };
		5FC5216B2C449BBB00356594 /* function-testing.cpp */ = {isa = PBXFileReference; lastKnownFileType = sourcecode.cpp.cpp; path = "function-testing.cpp"; sourceTree = "<group>"; };
		5FC521712C44C5A400356594 /* 2D-Array-PrefixSum.cpp */ = {isa = PBXFileReference; lastKnownFileType = sourcecode.cpp.cpp; path = "2D-Array-PrefixSum.cpp"; sourceTree = "<group>"; };
		5FC521762C44D99800356594 /* Structures.c */ = {isa = PBXFileReference; lastKnownFileType = sourcecode.c.c; path = Structures.c; sourceTree = "<group>"; };
		5FCFB39C2C0ED2050096E02B /* binarySearch.cpp */ = {isa = PBXFileReference; lastKnownFileType = sourcecode.cpp.cpp; path = binarySearch.cpp; sourceTree = "<group>"; };
		5FCFB39E2C0ED6580096E02B /* reverseArray.cpp */ = {isa = PBXFileReference; lastKnownFileType = sourcecode.cpp.cpp; path = reverseArray.cpp; sourceTree = "<group>"; };
		5FCFB3A02C0EDBA60096E02B /* printAllPairs.cpp */ = {isa = PBXFileReference; lastKnownFileType = sourcecode.cpp.cpp; path = printAllPairs.cpp; sourceTree = "<group>"; };
		5FEBAC7C2C0D821200F361A8 /* DataStructures-Essentials */ = {isa = PBXFileReference; explicitFileType = "compiled.mach-o.executable"; includeInIndex = 0; path = "DataStructures-Essentials"; sourceTree = BUILT_PRODUCTS_DIR; };
		5FEBAC7F2C0D821200F361A8 /* main.cpp */ = {isa = PBXFileReference; lastKnownFileType = sourcecode.cpp.cpp; path = main.cpp; sourceTree = "<group>"; };
		5FEBACB72C0D86B500F361A8 /* arrays.cpp */ = {isa = PBXFileReference; lastKnownFileType = sourcecode.cpp.cpp; path = arrays.cpp; sourceTree = "<group>"; };
		5FEBACB92C0D8B3900F361A8 /* arrays-to-functions.cpp */ = {isa = PBXFileReference; lastKnownFileType = sourcecode.cpp.cpp; path = "arrays-to-functions.cpp"; sourceTree = "<group>"; };
		5FEBACBB2C0D900200F361A8 /* README.md */ = {isa = PBXFileReference; lastKnownFileType = net.daringfireball.markdown; path = README.md; sourceTree = "<group>"; };
/* End PBXFileReference section */

/* Begin PBXFrameworksBuildPhase section */
		5FEBAC792C0D821200F361A8 /* Frameworks */ = {
			isa = PBXFrameworksBuildPhase;
			buildActionMask = 2147483647;
			files = (
			);
			runOnlyForDeploymentPostprocessing = 0;
		};
/* End PBXFrameworksBuildPhase section */

/* Begin PBXGroup section */
		5F32F48C2C390C03007D7010 /* Basics */ = {
			isa = PBXGroup;
			children = (
				5F32F48D2C390C1A007D7010 /* CharacterArrays.cpp */,
				5F32F48F2C391A8D007D7010 /* CharacterArray-getline.cpp */,
				5FC5210A2C3BF6E600356594 /* reverse-a-string.cpp */,
				5FC5210C2C3C004000356594 /* library-functions.cpp */,
				5FC5212C2C3EA61400356594 /* printAllPrefix-n-Suffix.cpp */,
				5FC521532C4161C400356594 /* TwoDim-Array.cpp */,
				5FC521572C42515D00356594 /* prefix-suffix-sum.cpp */,
				5FC521592C425E3100356594 /* scrap.cpp */,
				5F7E4E902C478B3200A634F9 /* pointers.cpp */,
				5F7E4E9B2C4A259E00A634F9 /* sum-recursive.cpp */,
			);
			path = Basics;
			sourceTree = "<group>";
		};
		5F32F4922C398BAE007D7010 /* CSES */ = {
			isa = PBXGroup;
			children = (
				5F32F4932C398C2E007D7010 /* StaticRangeSumQueries.cpp */,
				5FC5214A2C3F93C500356594 /* Static-range-sum-queries-2.cpp */,
				5FC521082C3A846800356594 /* Most-Common-Character-SubString.cpp */,
				5FC521282C3C629600356594 /* README.md */,
			);
			path = CSES;
			sourceTree = "<group>";
		};
		5F6B6BB82C459A880094DDE4 /* LeetCode */ = {
			isa = PBXGroup;
			children = (
				5F6B6BB92C459AA40094DDE4 /* Squares-of-sorted-array.cpp */,
				5F7E4E8D2C4663D100A634F9 /* Subarray-Sums-Divisible-by-K.cpp */,
				5F7E4E922C479EE900A634F9 /* Search-a-2D-Matric.cpp */,
			);
			path = LeetCode;
			sourceTree = "<group>";
		};
		5FC521292C3E2FAA00356594 /* C-Basics */ = {
			isa = PBXGroup;
			children = (
				5FC5215B2C42B29F00356594 /* arrays-n-pointers.c */,
				5FC5212A2C3E2FC700356594 /* enums.c */,
				5FC521482C3EC3C800356594 /* minutes-to-years-days.c */,
				5FC5214D2C412F5C00356594 /* write-systemCall.c */,
				5FC5214F2C413A1B00356594 /* bitwise-operators.c */,
				5FC5215F2C43913F00356594 /* README.md */,
				5FC521762C44D99800356594 /* Structures.c */,
				5F6B6BB42C456D4E0094DDE4 /* spreadSheet.cpp */,
			);
			path = "C-Basics";
			sourceTree = "<group>";
		};
		5FC521602C43DC6300356594 /* HackerRank */ = {
			isa = PBXGroup;
			children = (
				5FC521622C43DCA100356594 /* ArrayManipulation.cpp */,
				5F7E4E942C47C3C700A634F9 /* Absoule-Sum-Of-Diagonals.cpp */,
				5F7E4E972C48E7A800A634F9 /* plusMinus.cpp */,
			);
			path = HackerRank;
			sourceTree = "<group>";
		};
		5FC521612C43DC6D00356594 /* CodeForces */ = {
			isa = PBXGroup;
			children = (
				5FC5215D2C42E45200356594 /* TheatreSquare.cpp */,
				5FC521642C43F01000356594 /* SpreadSheets.cpp */,
				5FC521682C44882800356594 /* scrap.cpp */,
				5FC5216B2C449BBB00356594 /* function-testing.cpp */,
				5F6B6BBC2C4619140094DDE4 /* README.md */,
				5F7E4E992C48F25300A634F9 /* Ancient-Berland-Circus.cpp */,
			);
			path = CodeForces;
			sourceTree = "<group>";
		};
		5FEBAC732C0D821200F361A8 = {
			isa = PBXGroup;
			children = (
				5FEBAC7E2C0D821200F361A8 /* DataStructures-Essentials */,
				5FEBAC7D2C0D821200F361A8 /* Products */,
			);
			sourceTree = "<group>";
		};
		5FEBAC7D2C0D821200F361A8 /* Products */ = {
			isa = PBXGroup;
			children = (
				5FEBAC7C2C0D821200F361A8 /* DataStructures-Essentials */,
			);
			name = Products;
			sourceTree = "<group>";
		};
		5FEBAC7E2C0D821200F361A8 /* DataStructures-Essentials */ = {
			isa = PBXGroup;
			children = (
				5F6B6BB82C459A880094DDE4 /* LeetCode */,
				5FC521612C43DC6D00356594 /* CodeForces */,
				5FC521602C43DC6300356594 /* HackerRank */,
				5FC521292C3E2FAA00356594 /* C-Basics */,
				5F32F4922C398BAE007D7010 /* CSES */,
				5F32F48C2C390C03007D7010 /* Basics */,
				5FEBACB62C0D86A600F361A8 /* Arrays */,
				5FEBAC7F2C0D821200F361A8 /* main.cpp */,
			);
			path = "DataStructures-Essentials";
			sourceTree = "<group>";
		};
		5FEBACB62C0D86A600F361A8 /* Arrays */ = {
			isa = PBXGroup;
			children = (
				5FEBACB72C0D86B500F361A8 /* arrays.cpp */,
				5FEBACB92C0D8B3900F361A8 /* arrays-to-functions.cpp */,
				5FEBACBB2C0D900200F361A8 /* README.md */,
				5FCFB39C2C0ED2050096E02B /* binarySearch.cpp */,
				5FCFB39E2C0ED6580096E02B /* reverseArray.cpp */,
				5FCFB3A02C0EDBA60096E02B /* printAllPairs.cpp */,
				5F32F4872C366402007D7010 /* SubArrays.cpp */,
				5F32F48A2C3681CA007D7010 /* SubArraySum.cpp */,
				5FC521712C44C5A400356594 /* 2D-Array-PrefixSum.cpp */,
			);
			path = Arrays;
			sourceTree = "<group>";
		};
/* End PBXGroup section */

/* Begin PBXNativeTarget section */
		5FEBAC7B2C0D821200F361A8 /* DataStructures-Essentials */ = {
			isa = PBXNativeTarget;
			buildConfigurationList = 5FEBAC832C0D821200F361A8 /* Build configuration list for PBXNativeTarget "DataStructures-Essentials" */;
			buildPhases = (
				5FEBAC782C0D821200F361A8 /* Sources */,
				5FEBAC792C0D821200F361A8 /* Frameworks */,
				5FEBAC7A2C0D821200F361A8 /* CopyFiles */,
			);
			buildRules = (
			);
			dependencies = (
			);
			name = "DataStructures-Essentials";
			productName = "DataStructures-Essentials";
			productReference = 5FEBAC7C2C0D821200F361A8 /* DataStructures-Essentials */;
			productType = "com.apple.product-type.tool";
		};
/* End PBXNativeTarget section */

/* Begin PBXProject section */
		5FEBAC742C0D821200F361A8 /* Project object */ = {
			isa = PBXProject;
			attributes = {
				BuildIndependentTargetsInParallel = 1;
				LastUpgradeCheck = 1540;
				TargetAttributes = {
					5FEBAC7B2C0D821200F361A8 = {
						CreatedOnToolsVersion = 15.2;
					};
				};
			};
			buildConfigurationList = 5FEBAC772C0D821200F361A8 /* Build configuration list for PBXProject "DataStructures-Essentials" */;
			compatibilityVersion = "Xcode 14.0";
			developmentRegion = en;
			hasScannedForEncodings = 0;
			knownRegions = (
				en,
				Base,
			);
			mainGroup = 5FEBAC732C0D821200F361A8;
			productRefGroup = 5FEBAC7D2C0D821200F361A8 /* Products */;
			projectDirPath = "";
			projectRoot = "";
			targets = (
				5FEBAC7B2C0D821200F361A8 /* DataStructures-Essentials */,
			);
		};
/* End PBXProject section */

/* Begin PBXSourcesBuildPhase section */
		5FEBAC782C0D821200F361A8 /* Sources */ = {
			isa = PBXSourcesBuildPhase;
			buildActionMask = 2147483647;
			files = (
				5F7E4E9D2C4A268200A634F9 /* sum-recursive.cpp in Sources */,
			);
			runOnlyForDeploymentPostprocessing = 0;
		};
/* End PBXSourcesBuildPhase section */

/* Begin XCBuildConfiguration section */
		5FEBAC812C0D821200F361A8 /* Debug */ = {
			isa = XCBuildConfiguration;
			buildSettings = {
				ALWAYS_SEARCH_USER_PATHS = NO;
				ASSETCATALOG_COMPILER_GENERATE_SWIFT_ASSET_SYMBOL_EXTENSIONS = YES;
				CLANG_ANALYZER_NONNULL = YES;
				CLANG_ANALYZER_NUMBER_OBJECT_CONVERSION = YES_AGGRESSIVE;
				CLANG_CXX_LANGUAGE_STANDARD = "gnu++23";
				CLANG_ENABLE_MODULES = YES;
				CLANG_ENABLE_OBJC_ARC = YES;
				CLANG_ENABLE_OBJC_WEAK = YES;
				CLANG_WARN_BLOCK_CAPTURE_AUTORELEASING = YES;
				CLANG_WARN_BOOL_CONVERSION = YES;
				CLANG_WARN_COMMA = YES;
				CLANG_WARN_CONSTANT_CONVERSION = YES;
				CLANG_WARN_DEPRECATED_OBJC_IMPLEMENTATIONS = YES;
				CLANG_WARN_DIRECT_OBJC_ISA_USAGE = YES_ERROR;
				CLANG_WARN_DOCUMENTATION_COMMENTS = YES;
				CLANG_WARN_EMPTY_BODY = YES;
				CLANG_WARN_ENUM_CONVERSION = YES;
				CLANG_WARN_INFINITE_RECURSION = YES;
				CLANG_WARN_INT_CONVERSION = YES;
				CLANG_WARN_NON_LITERAL_NULL_CONVERSION = YES;
				CLANG_WARN_OBJC_IMPLICIT_RETAIN_SELF = YES;
				CLANG_WARN_OBJC_LITERAL_CONVERSION = YES;
				CLANG_WARN_OBJC_ROOT_CLASS = YES_ERROR;
				CLANG_WARN_QUOTED_INCLUDE_IN_FRAMEWORK_HEADER = YES;
				CLANG_WARN_RANGE_LOOP_ANALYSIS = YES;
				CLANG_WARN_STRICT_PROTOTYPES = YES;
				CLANG_WARN_SUSPICIOUS_MOVE = YES;
				CLANG_WARN_UNGUARDED_AVAILABILITY = YES_AGGRESSIVE;
				CLANG_WARN_UNREACHABLE_CODE = YES;
				CLANG_WARN__DUPLICATE_METHOD_MATCH = YES;
				COPY_PHASE_STRIP = NO;
				DEAD_CODE_STRIPPING = YES;
				DEBUG_INFORMATION_FORMAT = dwarf;
				ENABLE_STRICT_OBJC_MSGSEND = YES;
				ENABLE_TESTABILITY = YES;
				ENABLE_USER_SCRIPT_SANDBOXING = YES;
				GCC_C_LANGUAGE_STANDARD = gnu17;
				GCC_DYNAMIC_NO_PIC = NO;
				GCC_NO_COMMON_BLOCKS = YES;
				GCC_OPTIMIZATION_LEVEL = 0;
				GCC_PREPROCESSOR_DEFINITIONS = (
					"DEBUG=1",
					"$(inherited)",
				);
				GCC_WARN_64_TO_32_BIT_CONVERSION = YES;
				GCC_WARN_ABOUT_RETURN_TYPE = YES_ERROR;
				GCC_WARN_UNDECLARED_SELECTOR = YES;
				GCC_WARN_UNINITIALIZED_AUTOS = YES_AGGRESSIVE;
				GCC_WARN_UNUSED_FUNCTION = YES;
				GCC_WARN_UNUSED_VARIABLE = YES;
				LOCALIZATION_PREFERS_STRING_CATALOGS = YES;
				MACOSX_DEPLOYMENT_TARGET = 14.2;
				MTL_ENABLE_DEBUG_INFO = INCLUDE_SOURCE;
				MTL_FAST_MATH = YES;
				ONLY_ACTIVE_ARCH = YES;
				SDKROOT = macosx;
			};
			name = Debug;
		};
		5FEBAC822C0D821200F361A8 /* Release */ = {
			isa = XCBuildConfiguration;
			buildSettings = {
				ALWAYS_SEARCH_USER_PATHS = NO;
				ASSETCATALOG_COMPILER_GENERATE_SWIFT_ASSET_SYMBOL_EXTENSIONS = YES;
				CLANG_ANALYZER_NONNULL = YES;
				CLANG_ANALYZER_NUMBER_OBJECT_CONVERSION = YES_AGGRESSIVE;
				CLANG_CXX_LANGUAGE_STANDARD = "gnu++23";
				CLANG_ENABLE_MODULES = YES;
				CLANG_ENABLE_OBJC_ARC = YES;
				CLANG_ENABLE_OBJC_WEAK = YES;
				CLANG_WARN_BLOCK_CAPTURE_AUTORELEASING = YES;
				CLANG_WARN_BOOL_CONVERSION = YES;
				CLANG_WARN_COMMA = YES;
				CLANG_WARN_CONSTANT_CONVERSION = YES;
				CLANG_WARN_DEPRECATED_OBJC_IMPLEMENTATIONS = YES;
				CLANG_WARN_DIRECT_OBJC_ISA_USAGE = YES_ERROR;
				CLANG_WARN_DOCUMENTATION_COMMENTS = YES;
				CLANG_WARN_EMPTY_BODY = YES;
				CLANG_WARN_ENUM_CONVERSION = YES;
				CLANG_WARN_INFINITE_RECURSION = YES;
				CLANG_WARN_INT_CONVERSION = YES;
				CLANG_WARN_NON_LITERAL_NULL_CONVERSION = YES;
				CLANG_WARN_OBJC_IMPLICIT_RETAIN_SELF = YES;
				CLANG_WARN_OBJC_LITERAL_CONVERSION = YES;
				CLANG_WARN_OBJC_ROOT_CLASS = YES_ERROR;
				CLANG_WARN_QUOTED_INCLUDE_IN_FRAMEWORK_HEADER = YES;
				CLANG_WARN_RANGE_LOOP_ANALYSIS = YES;
				CLANG_WARN_STRICT_PROTOTYPES = YES;
				CLANG_WARN_SUSPICIOUS_MOVE = YES;
				CLANG_WARN_UNGUARDED_AVAILABILITY = YES_AGGRESSIVE;
				CLANG_WARN_UNREACHABLE_CODE = YES;
				CLANG_WARN__DUPLICATE_METHOD_MATCH = YES;
				COPY_PHASE_STRIP = NO;
				DEAD_CODE_STRIPPING = YES;
				DEBUG_INFORMATION_FORMAT = "dwarf-with-dsym";
				ENABLE_NS_ASSERTIONS = NO;
				ENABLE_STRICT_OBJC_MSGSEND = YES;
				ENABLE_USER_SCRIPT_SANDBOXING = YES;
				GCC_C_LANGUAGE_STANDARD = gnu17;
				GCC_NO_COMMON_BLOCKS = YES;
				GCC_WARN_64_TO_32_BIT_CONVERSION = YES;
				GCC_WARN_ABOUT_RETURN_TYPE = YES_ERROR;
				GCC_WARN_UNDECLARED_SELECTOR = YES;
				GCC_WARN_UNINITIALIZED_AUTOS = YES_AGGRESSIVE;
				GCC_WARN_UNUSED_FUNCTION = YES;
				GCC_WARN_UNUSED_VARIABLE = YES;
				LOCALIZATION_PREFERS_STRING_CATALOGS = YES;
				MACOSX_DEPLOYMENT_TARGET = 14.2;
				MTL_ENABLE_DEBUG_INFO = NO;
				MTL_FAST_MATH = YES;
				SDKROOT = macosx;
			};
			name = Release;
		};
		5FEBAC842C0D821200F361A8 /* Debug */ = {
			isa = XCBuildConfiguration;
			buildSettings = {
				CODE_SIGN_STYLE = Automatic;
				DEAD_CODE_STRIPPING = YES;
				DEVELOPMENT_TEAM = 3KNUAKA9XC;
				ENABLE_HARDENED_RUNTIME = YES;
				PRODUCT_NAME = "$(TARGET_NAME)";
			};
			name = Debug;
		};
		5FEBAC852C0D821200F361A8 /* Release */ = {
			isa = XCBuildConfiguration;
			buildSettings = {
				CODE_SIGN_STYLE = Automatic;
				DEAD_CODE_STRIPPING = YES;
				DEVELOPMENT_TEAM = 3KNUAKA9XC;
				ENABLE_HARDENED_RUNTIME = YES;
				PRODUCT_NAME = "$(TARGET_NAME)";
			};
			name = Release;
		};
/* End XCBuildConfiguration section */

/* Begin XCConfigurationList section */
		5FEBAC772C0D821200F361A8 /* Build configuration list for PBXProject "DataStructures-Essentials" */ = {
			isa = XCConfigurationList;
			buildConfigurations = (
				5FEBAC812C0D821200F361A8 /* Debug */,
				5FEBAC822C0D821200F361A8 /* Release */,
			);
			defaultConfigurationIsVisible = 0;
			defaultConfigurationName = Release;
		};
		5FEBAC832C0D821200F361A8 /* Build configuration list for PBXNativeTarget "DataStructures-Essentials" */ = {
			isa = XCConfigurationList;
			buildConfigurations = (
				5FEBAC842C0D821200F361A8 /* Debug */,
				5FEBAC852C0D821200F361A8 /* Release */,
			);
			defaultConfigurationIsVisible = 0;
			defaultConfigurationName = Release;
		};
/* End XCConfigurationList section */
	};
	rootObject = 5FEBAC742C0D821200F361A8 /* Project object */;
}
